
Microsoft Visual Studio Solution File, Format Version 11.00
# Visual Studio 2010
Project("{FAE04EC0-301F-11D3-BF4B-00C04F79EFBC}") = "Assembly-CSharp", "Assembly-CSharp.csproj", "{2887c298-2b02-7663-a31f-6bd02999123c}"
EndProject
Project("{FAE04EC0-301F-11D3-BF4B-00C04F79EFBC}") = "Assembly-CSharp-Editor-firstpass", "Assembly-CSharp-Editor-firstpass.csproj", "{5e616a08-2699-f625-f513-335b864f26cf}"
EndProject
Global
	GlobalSection(SolutionConfigurationPlatforms) = preSolution
		Debug|Any CPU = Debug|Any CPU
	EndGlobalSection
	GlobalSection(ProjectConfigurationPlatforms) = postSolution
		{2887c298-2b02-7663-a31f-6bd02999123c}.Debug|Any CPU.ActiveCfg = Debug|Any CPU
		{2887c298-2b02-7663-a31f-6bd02999123c}.Debug|Any CPU.Build.0 = Debug|Any CPU
		{5e616a08-2699-f625-f513-335b864f26cf}.Debug|Any CPU.ActiveCfg = Debug|Any CPU
		{5e616a08-2699-f625-f513-335b864f26cf}.Debug|Any CPU.Build.0 = Debug|Any CPU
	EndGlobalSection
	GlobalSection(SolutionProperties) = preSolution
		HideSolutionNode = FALSE
	EndGlobalSection
EndGlobal
